Microsoft Visual Studio Solution File, Format Version 12.00
# Visual Studio Version 17
VisualStudioVersion = 17.0.31903.59
MinimumVisualStudioVersion = 10.0.40219.1
Project("{FAE04EC0-301F-11D3-BF4B-00C04F79EFBC}") = "Autopilot.LogCore", "src\Autopilot.LogCore\Autopilot.LogCore.csproj", "{A1B2C3D4-E5F6-7890-ABCD-EF1234567890}"
EndProject
Project("{FAE04EC0-301F-11D3-BF4B-00C04F79EFBC}") = "Autopilot.LogViewer.Core", "src\Autopilot.LogViewer.Core\Autopilot.LogViewer.Core.csproj", "{9E0F3456-789A-12CD-EF01-3456789012CD}"
EndProject
Project("{FAE04EC0-301F-11D3-BF4B-00C04F79EFBC}") = "Autopilot.LogViewer.UI", "src\Autopilot.LogViewer.UI\Autopilot.LogViewer.UI.csproj", "{0F1F4567-890B-23DE-F012-4567890123DE}"
EndProject
Global
	GlobalSection(SolutionConfigurationPlatforms) = preSolution
		Debug|Any CPU = Debug|Any CPU
		Debug|x64 = Debug|x64
		Release|Any CPU = Release|Any CPU
		Release|x64 = Release|x64
	EndGlobalSection
	GlobalSection(ProjectConfigurationPlatforms) = postSolution
		{A1B2C3D4-E5F6-7890-ABCD-EF1234567890}.Debug|Any CPU.ActiveCfg = Debug|Any CPU
		{A1B2C3D4-E5F6-7890-ABCD-EF1234567890}.Debug|Any CPU.Build.0 = Debug|Any CPU
		{A1B2C3D4-E5F6-7890-ABCD-EF1234567890}.Debug|x64.ActiveCfg = Debug|x64
		{A1B2C3D4-E5F6-7890-ABCD-EF1234567890}.Debug|x64.Build.0 = Debug|x64
		{A1B2C3D4-E5F6-7890-ABCD-EF1234567890}.Release|Any CPU.ActiveCfg = Release|Any CPU
		{A1B2C3D4-E5F6-7890-ABCD-EF1234567890}.Release|Any CPU.Build.0 = Release|Any CPU
		{A1B2C3D4-E5F6-7890-ABCD-EF1234567890}.Release|x64.ActiveCfg = Release|x64
		{A1B2C3D4-E5F6-7890-ABCD-EF1234567890}.Release|x64.Build.0 = Release|x64
		{9E0F3456-789A-12CD-EF01-3456789012CD}.Debug|Any CPU.ActiveCfg = Debug|Any CPU
		{9E0F3456-789A-12CD-EF01-3456789012CD}.Debug|Any CPU.Build.0 = Debug|Any CPU
		{9E0F3456-789A-12CD-EF01-3456789012CD}.Debug|x64.ActiveCfg = Debug|x64
		{9E0F3456-789A-12CD-EF01-3456789012CD}.Debug|x64.Build.0 = Debug|x64
		{9E0F3456-789A-12CD-EF01-3456789012CD}.Release|Any CPU.ActiveCfg = Release|Any CPU
		{9E0F3456-789A-12CD-EF01-3456789012CD}.Release|Any CPU.Build.0 = Release|Any CPU
		{9E0F3456-789A-12CD-EF01-3456789012CD}.Release|x64.ActiveCfg = Release|x64
		{9E0F3456-789A-12CD-EF01-3456789012CD}.Release|x64.Build.0 = Release|x64
		{0F1F4567-890B-23DE-F012-4567890123DE}.Debug|Any CPU.ActiveCfg = Debug|Any CPU
		{0F1F4567-890B-23DE-F012-4567890123DE}.Debug|Any CPU.Build.0 = Debug|Any CPU
		{0F1F4567-890B-23DE-F012-4567890123DE}.Debug|x64.ActiveCfg = Debug|x64
		{0F1F4567-890B-23DE-F012-4567890123DE}.Debug|x64.Build.0 = Debug|x64
		{0F1F4567-890B-23DE-F012-4567890123DE}.Release|Any CPU.ActiveCfg = Release|Any CPU
		{0F1F4567-890B-23DE-F012-4567890123DE}.Release|Any CPU.Build.0 = Release|Any CPU
		{0F1F4567-890B-23DE-F012-4567890123DE}.Release|x64.ActiveCfg = Release|x64
		{0F1F4567-890B-23DE-F012-4567890123DE}.Release|x64.Build.0 = Release|x64
	EndGlobalSection
	GlobalSection(SolutionProperties) = preSolution
		HideSolutionNode = FALSE
	EndGlobalSection
	GlobalSection(ExtensibilityGlobals) = postSolution
		SolutionGuid = {11AC918F-D852-4F90-8304-31830412B882}
	EndGlobalSection
EndGlobal
